
Microsoft Visual Studio Solution File, Format Version 12.00
# Visual Studio 15
VisualStudioVersion = 15.0.28307.645
MinimumVisualStudioVersion = 10.0.40219.1
Project("{00D1A9C2-B5F0-4AF3-8072-F6C62B433612}") = "Database1", "Database1\Database1.sqlproj", "{169BAD1E-3B4F-4884-8DA7-DA79464A8597}"
EndProject
Global
	GlobalSection(SolutionConfigurationPlatforms) = preSolution
		Debug|Any CPU = Debug|Any CPU
		Release|Any CPU = Release|Any CPU
	EndGlobalSection
	GlobalSection(ProjectConfigurationPlatforms) = postSolution
		{169BAD1E-3B4F-4884-8DA7-DA79464A8597}.Debug|Any CPU.ActiveCfg = Debug|Any CPU
		{169BAD1E-3B4F-4884-8DA7-DA79464A8597}.Debug|Any CPU.Build.0 = Debug|Any CPU
		{169BAD1E-3B4F-4884-8DA7-DA79464A8597}.Debug|Any CPU.Deploy.0 = Debug|Any CPU
		{169BAD1E-3B4F-4884-8DA7-DA79464A8597}.Release|Any CPU.ActiveCfg = Release|Any CPU
		{169BAD1E-3B4F-4884-8DA7-DA79464A8597}.Release|Any CPU.Build.0 = Release|Any CPU
		{169BAD1E-3B4F-4884-8DA7-DA79464A8597}.Release|Any CPU.Deploy.0 = Release|Any CPU
	EndGlobalSection
	GlobalSection(SolutionProperties) = preSolution
		HideSolutionNode = FALSE
	EndGlobalSection
	GlobalSection(ExtensibilityGlobals) = postSolution
		SolutionGuid = {1166C3C6-32F7-41ED-9AFC-E926CC8C1FAC}
	EndGlobalSection
EndGlobal
